
Microsoft Visual Studio Solution File, Format Version 12.00
# Visual Studio Version 16
VisualStudioVersion = 16.0.30413.136
MinimumVisualStudioVersion = 10.0.40219.1
Project("{FAE04EC0-301F-11D3-BF4B-00C04F79EFBC}") = "BBChallengeMaker", "BBChallengeMaker\BBChallengeMaker.csproj", "{B649D876-1D5B-4733-ABF9-C0702DF44443}"
EndProject
Global
	GlobalSection(SolutionConfigurationPlatforms) = preSolution
		Debug|Any CPU = Debug|Any CPU
		Release|Any CPU = Release|Any CPU
	EndGlobalSection
	GlobalSection(ProjectConfigurationPlatforms) = postSolution
		{B649D876-1D5B-4733-ABF9-C0702DF44443}.Debug|Any CPU.ActiveCfg = Debug|Any CPU
		{B649D876-1D5B-4733-ABF9-C0702DF44443}.Debug|Any CPU.Build.0 = Debug|Any CPU
		{B649D876-1D5B-4733-ABF9-C0702DF44443}.Release|Any CPU.ActiveCfg = Release|Any CPU
		{B649D876-1D5B-4733-ABF9-C0702DF44443}.Release|Any CPU.Build.0 = Release|Any CPU
	EndGlobalSection
	GlobalSection(SolutionProperties) = preSolution
		HideSolutionNode = FALSE
	EndGlobalSection
	GlobalSection(ExtensibilityGlobals) = postSolution
		SolutionGuid = {204FFA3B-E200-450B-92BF-2746611C7728}
	EndGlobalSection
EndGlobal
